
Microsoft Visual Studio Solution File, Format Version 12.00
# Visual Studio 14
VisualStudioVersion = 14.0.25420.1
MinimumVisualStudioVersion = 10.0.40219.1
Project("{FAE04EC0-301F-11D3-BF4B-00C04F79EFBC}") = "DailyTick", "DailyTick\DailyTick\DailyTick.csproj", "{CB481426-6E45-4A34-B5FE-174FBC8AF24B}"
EndProject
Project("{FAE04EC0-301F-11D3-BF4B-00C04F79EFBC}") = "DailyTick.Droid", "DailyTick\DailyTick.Droid\DailyTick.Droid.csproj", "{8C296DE2-3A27-4E13-B418-6D3401E1F427}"
EndProject
Project("{FAE04EC0-301F-11D3-BF4B-00C04F79EFBC}") = "DailyTick.iOS", "DailyTick\DailyTick.iOS\DailyTick.iOS.csproj", "{EE1EE2A1-12C2-4267-A13C-C48D91F386E0}"
EndProject
Project("{FAE04EC0-301F-11D3-BF4B-00C04F79EFBC}") = "DailyTick.WinPhone", "DailyTick\DailyTick.WinPhone\DailyTick.WinPhone.csproj", "{8065E4B8-D55A-4870-8F13-BD4D71AB32E5}"
EndProject
Project("{FAE04EC0-301F-11D3-BF4B-00C04F79EFBC}") = "DailyTick.Windows", "DailyTick\DailyTick.Windows\DailyTick.Windows.csproj", "{B4F088F9-2645-4056-9BEF-B1A31CF21C04}"
EndProject
Global
	GlobalSection(SolutionConfigurationPlatforms) = preSolution
		Ad-Hoc|Any CPU = Ad-Hoc|Any CPU
		Ad-Hoc|ARM = Ad-Hoc|ARM
		Ad-Hoc|iPhone = Ad-Hoc|iPhone
		Ad-Hoc|iPhoneSimulator = Ad-Hoc|iPhoneSimulator
		Ad-Hoc|x64 = Ad-Hoc|x64
		Ad-Hoc|x86 = Ad-Hoc|x86
		AppStore|Any CPU = AppStore|Any CPU
		AppStore|ARM = AppStore|ARM
		AppStore|iPhone = AppStore|iPhone
		AppStore|iPhoneSimulator = AppStore|iPhoneSimulator
		AppStore|x64 = AppStore|x64
		AppStore|x86 = AppStore|x86
		Debug|Any CPU = Debug|Any CPU
		Debug|ARM = Debug|ARM
		Debug|iPhone = Debug|iPhone
		Debug|iPhoneSimulator = Debug|iPhoneSimulator
		Debug|x64 = Debug|x64
		Debug|x86 = Debug|x86
		Release|Any CPU = Release|Any CPU
		Release|ARM = Release|ARM
		Release|iPhone = Release|iPhone
		Release|iPhoneSimulator = Release|iPhoneSimulator
		Release|x64 = Release|x64
		Release|x86 = Release|x86
	EndGlobalSection
	GlobalSection(ProjectConfigurationPlatforms) = postSolution
		{CB481426-6E45-4A34-B5FE-174FBC8AF24B}.Ad-Hoc|Any CPU.ActiveCfg = Release|Any CPU
		{CB481426-6E45-4A34-B5FE-174FBC8AF24B}.Ad-Hoc|Any CPU.Build.0 = Release|Any CPU
		{CB481426-6E45-4A34-B5FE-174FBC8AF24B}.Ad-Hoc|ARM.ActiveCfg = Release|Any CPU
		{CB481426-6E45-4A34-B5FE-174FBC8AF24B}.Ad-Hoc|ARM.Build.0 = Release|Any CPU
		{CB481426-6E45-4A34-B5FE-174FBC8AF24B}.Ad-Hoc|iPhone.ActiveCfg = Release|Any CPU
		{CB481426-6E45-4A34-B5FE-174FBC8AF24B}.Ad-Hoc|iPhone.Build.0 = Release|Any CPU
		{CB481426-6E45-4A34-B5FE-174FBC8AF24B}.Ad-Hoc|iPhoneSimulator.ActiveCfg = Release|Any CPU
		{CB481426-6E45-4A34-B5FE-174FBC8AF24B}.Ad-Hoc|iPhoneSimulator.Build.0 = Release|Any CPU
		{CB481426-6E45-4A34-B5FE-174FBC8AF24B}.Ad-Hoc|x64.ActiveCfg = Release|Any CPU
		{CB481426-6E45-4A34-B5FE-174FBC8AF24B}.Ad-Hoc|x64.Build.0 = Release|Any CPU
		{CB481426-6E45-4A34-B5FE-174FBC8AF24B}.Ad-Hoc|x86.ActiveCfg = Release|Any CPU
		{CB481426-6E45-4A34-B5FE-174FBC8AF24B}.Ad-Hoc|x86.Build.0 = Release|Any CPU
		{CB481426-6E45-4A34-B5FE-174FBC8AF24B}.AppStore|Any CPU.ActiveCfg = Release|Any CPU
		{CB481426-6E45-4A34-B5FE-174FBC8AF24B}.AppStore|Any CPU.Build.0 = Release|Any CPU
		{CB481426-6E45-4A34-B5FE-174FBC8AF24B}.AppStore|ARM.ActiveCfg = Release|Any CPU
		{CB481426-6E45-4A34-B5FE-174FBC8AF24B}.AppStore|ARM.Build.0 = Release|Any CPU
		{CB481426-6E45-4A34-B5FE-174FBC8AF24B}.AppStore|iPhone.ActiveCfg = Release|Any CPU
		{CB481426-6E45-4A34-B5FE-174FBC8AF24B}.AppStore|iPhone.Build.0 = Release|Any CPU
		{CB481426-6E45-4A34-B5FE-174FBC8AF24B}.AppStore|iPhoneSimulator.ActiveCfg = Release|Any CPU
		{CB481426-6E45-4A34-B5FE-174FBC8AF24B}.AppStore|iPhoneSimulator.Build.0 = Release|Any CPU
		{CB481426-6E45-4A34-B5FE-174FBC8AF24B}.AppStore|x64.ActiveCfg = Release|Any CPU
		{CB481426-6E45-4A34-B5FE-174FBC8AF24B}.AppStore|x64.Build.0 = Release|Any CPU
		{CB481426-6E45-4A34-B5FE-174FBC8AF24B}.AppStore|x86.ActiveCfg = Release|Any CPU
		{CB481426-6E45-4A34-B5FE-174FBC8AF24B}.AppStore|x86.Build.0 = Release|Any CPU
		{CB481426-6E45-4A34-B5FE-174FBC8AF24B}.Debug|Any CPU.ActiveCfg = Debug|Any CPU
		{CB481426-6E45-4A34-B5FE-174FBC8AF24B}.Debug|Any CPU.Build.0 = Debug|Any CPU
		{CB481426-6E45-4A34-B5FE-174FBC8AF24B}.Debug|ARM.ActiveCfg = Debug|Any CPU
		{CB481426-6E45-4A34-B5FE-174FBC8AF24B}.Debug|ARM.Build.0 = Debug|Any CPU
		{CB481426-6E45-4A34-B5FE-174FBC8AF24B}.Debug|iPhone.ActiveCfg = Debug|Any CPU
		{CB481426-6E45-4A34-B5FE-174FBC8AF24B}.Debug|iPhone.Build.0 = Debug|Any CPU
		{CB481426-6E45-4A34-B5FE-174FBC8AF24B}.Debug|iPhoneSimulator.ActiveCfg = Debug|Any CPU
		{CB481426-6E45-4A34-B5FE-174FBC8AF24B}.Debug|iPhoneSimulator.Build.0 = Debug|Any CPU
		{CB481426-6E45-4A34-B5FE-174FBC8AF24B}.Debug|x64.ActiveCfg = Debug|Any CPU
		{CB481426-6E45-4A34-B5FE-174FBC8AF24B}.Debug|x64.Build.0 = Debug|Any CPU
		{CB481426-6E45-4A34-B5FE-174FBC8AF24B}.Debug|x86.ActiveCfg = Debug|Any CPU
		{CB481426-6E45-4A34-B5FE-174FBC8AF24B}.Debug|x86.Build.0 = Debug|Any CPU
		{CB481426-6E45-4A34-B5FE-174FBC8AF24B}.Release|Any CPU.ActiveCfg = Release|Any CPU
		{CB481426-6E45-4A34-B5FE-174FBC8AF24B}.Release|Any CPU.Build.0 = Release|Any CPU
		{CB481426-6E45-4A34-B5FE-174FBC8AF24B}.Release|ARM.ActiveCfg = Release|Any CPU
		{CB481426-6E45-4A34-B5FE-174FBC8AF24B}.Release|ARM.Build.0 = Release|Any CPU
		{CB481426-6E45-4A34-B5FE-174FBC8AF24B}.Release|iPhone.ActiveCfg = Release|Any CPU
		{CB481426-6E45-4A34-B5FE-174FBC8AF24B}.Release|iPhone.Build.0 = Release|Any CPU
		{CB481426-6E45-4A34-B5FE-174FBC8AF24B}.Release|iPhoneSimulator.ActiveCfg = Release|Any CPU
		{CB481426-6E45-4A34-B5FE-174FBC8AF24B}.Release|iPhoneSimulator.Build.0 = Release|Any CPU
		{CB481426-6E45-4A34-B5FE-174FBC8AF24B}.Release|x64.ActiveCfg = Release|Any CPU
		{CB481426-6E45-4A34-B5FE-174FBC8AF24B}.Release|x64.Build.0 = Release|Any CPU
		{CB481426-6E45-4A34-B5FE-174FBC8AF24B}.Release|x86.ActiveCfg = Release|Any CPU
		{CB481426-6E45-4A34-B5FE-174FBC8AF24B}.Release|x86.Build.0 = Release|Any CPU
		{8C296DE2-3A27-4E13-B418-6D3401E1F427}.Ad-Hoc|Any CPU.ActiveCfg = Release|Any CPU
		{8C296DE2-3A27-4E13-B418-6D3401E1F427}.Ad-Hoc|Any CPU.Build.0 = Release|Any CPU
		{8C296DE2-3A27-4E13-B418-6D3401E1F427}.Ad-Hoc|Any CPU.Deploy.0 = Release|Any CPU
		{8C296DE2-3A27-4E13-B418-6D3401E1F427}.Ad-Hoc|ARM.ActiveCfg = Release|Any CPU
		{8C296DE2-3A27-4E13-B418-6D3401E1F427}.Ad-Hoc|ARM.Build.0 = Release|Any CPU
		{8C296DE2-3A27-4E13-B418-6D3401E1F427}.Ad-Hoc|ARM.Deploy.0 = Release|Any CPU
		{8C296DE2-3A27-4E13-B418-6D3401E1F427}.Ad-Hoc|iPhone.ActiveCfg = Release|Any CPU
		{8C296DE2-3A27-4E13-B418-6D3401E1F427}.Ad-Hoc|iPhone.Build.0 = Release|Any CPU
		{8C296DE2-3A27-4E13-B418-6D3401E1F427}.Ad-Hoc|iPhone.Deploy.0 = Release|Any CPU
		{8C296DE2-3A27-4E13-B418-6D3401E1F427}.Ad-Hoc|iPhoneSimulator.ActiveCfg = Release|Any CPU
		{8C296DE2-3A27-4E13-B418-6D3401E1F427}.Ad-Hoc|iPhoneSimulator.Build.0 = Release|Any CPU
		{8C296DE2-3A27-4E13-B418-6D3401E1F427}.Ad-Hoc|iPhoneSimulator.Deploy.0 = Release|Any CPU
		{8C296DE2-3A27-4E13-B418-6D3401E1F427}.Ad-Hoc|x64.ActiveCfg = Release|Any CPU
		{8C296DE2-3A27-4E13-B418-6D3401E1F427}.Ad-Hoc|x64.Build.0 = Release|Any CPU
		{8C296DE2-3A27-4E13-B418-6D3401E1F427}.Ad-Hoc|x64.Deploy.0 = Release|Any CPU
		{8C296DE2-3A27-4E13-B418-6D3401E1F427}.Ad-Hoc|x86.ActiveCfg = Release|Any CPU
		{8C296DE2-3A27-4E13-B418-6D3401E1F427}.Ad-Hoc|x86.Build.0 = Release|Any CPU
		{8C296DE2-3A27-4E13-B418-6D3401E1F427}.Ad-Hoc|x86.Deploy.0 = Release|Any CPU
		{8C296DE2-3A27-4E13-B418-6D3401E1F427}.AppStore|Any CPU.ActiveCfg = Release|Any CPU
		{8C296DE2-3A27-4E13-B418-6D3401E1F427}.AppStore|Any CPU.Build.0 = Release|Any CPU
		{8C296DE2-3A27-4E13-B418-6D3401E1F427}.AppStore|Any CPU.Deploy.0 = Release|Any CPU
		{8C296DE2-3A27-4E13-B418-6D3401E1F427}.AppStore|ARM.ActiveCfg = Release|Any CPU
		{8C296DE2-3A27-4E13-B418-6D3401E1F427}.AppStore|ARM.Build.0 = Release|Any CPU
		{8C296DE2-3A27-4E13-B418-6D3401E1F427}.AppStore|ARM.Deploy.0 = Release|Any CPU
		{8C296DE2-3A27-4E13-B418-6D3401E1F427}.AppStore|iPhone.ActiveCfg = Release|Any CPU
		{8C296DE2-3A27-4E13-B418-6D3401E1F427}.AppStore|iPhone.Build.0 = Release|Any CPU
		{8C296DE2-3A27-4E13-B418-6D3401E1F427}.AppStore|iPhone.Deploy.0 = Release|Any CPU
		{8C296DE2-3A27-4E13-B418-6D3401E1F427}.AppStore|iPhoneSimulator.ActiveCfg = Release|Any CPU
		{8C296DE2-3A27-4E13-B418-6D3401E1F427}.AppStore|iPhoneSimulator.Build.0 = Release|Any CPU
		{8C296DE2-3A27-4E13-B418-6D3401E1F427}.AppStore|iPhoneSimulator.Deploy.0 = Release|Any CPU
		{8C296DE2-3A27-4E13-B418-6D3401E1F427}.AppStore|x64.ActiveCfg = Release|Any CPU
		{8C296DE2-3A27-4E13-B418-6D3401E1F427}.AppStore|x64.Build.0 = Release|Any CPU
		{8C296DE2-3A27-4E13-B418-6D3401E1F427}.AppStore|x64.Deploy.0 = Release|Any CPU
		{8C296DE2-3A27-4E13-B418-6D3401E1F427}.AppStore|x86.ActiveCfg = Release|Any CPU
		{8C296DE2-3A27-4E13-B418-6D3401E1F427}.AppStore|x86.Build.0 = Release|Any CPU
		{8C296DE2-3A27-4E13-B418-6D3401E1F427}.AppStore|x86.Deploy.0 = Release|Any CPU
		{8C296DE2-3A27-4E13-B418-6D3401E1F427}.Debug|Any CPU.ActiveCfg = Debug|Any CPU
		{8C296DE2-3A27-4E13-B418-6D3401E1F427}.Debug|Any CPU.Build.0 = Debug|Any CPU
		{8C296DE2-3A27-4E13-B418-6D3401E1F427}.Debug|Any CPU.Deploy.0 = Debug|Any CPU
		{8C296DE2-3A27-4E13-B418-6D3401E1F427}.Debug|ARM.ActiveCfg = Debug|Any CPU
		{8C296DE2-3A27-4E13-B418-6D3401E1F427}.Debug|ARM.Build.0 = Debug|Any CPU
		{8C296DE2-3A27-4E13-B418-6D3401E1F427}.Debug|ARM.Deploy.0 = Debug|Any CPU
		{8C296DE2-3A27-4E13-B418-6D3401E1F427}.Debug|iPhone.ActiveCfg = Debug|Any CPU
		{8C296DE2-3A27-4E13-B418-6D3401E1F427}.Debug|iPhone.Build.0 = Debug|Any CPU
		{8C296DE2-3A27-4E13-B418-6D3401E1F427}.Debug|iPhone.Deploy.0 = Debug|Any CPU
		{8C296DE2-3A27-4E13-B418-6D3401E1F427}.Debug|iPhoneSimulator.ActiveCfg = Debug|Any CPU
		{8C296DE2-3A27-4E13-B418-6D3401E1F427}.Debug|iPhoneSimulator.Build.0 = Debug|Any CPU
		{8C296DE2-3A27-4E13-B418-6D3401E1F427}.Debug|iPhoneSimulator.Deploy.0 = Debug|Any CPU
		{8C296DE2-3A27-4E13-B418-6D3401E1F427}.Debug|x64.ActiveCfg = Debug|Any CPU
		{8C296DE2-3A27-4E13-B418-6D3401E1F427}.Debug|x64.Build.0 = Debug|Any CPU
		{8C296DE2-3A27-4E13-B418-6D3401E1F427}.Debug|x64.Deploy.0 = Debug|Any CPU
		{8C296DE2-3A27-4E13-B418-6D3401E1F427}.Debug|x86.ActiveCfg = Debug|Any CPU
		{8C296DE2-3A27-4E13-B418-6D3401E1F427}.Debug|x86.Build.0 = Debug|Any CPU
		{8C296DE2-3A27-4E13-B418-6D3401E1F427}.Debug|x86.Deploy.0 = Debug|Any CPU
		{8C296DE2-3A27-4E13-B418-6D3401E1F427}.Release|Any CPU.ActiveCfg = Release|Any CPU
		{8C296DE2-3A27-4E13-B418-6D3401E1F427}.Release|Any CPU.Build.0 = Release|Any CPU
		{8C296DE2-3A27-4E13-B418-6D3401E1F427}.Release|Any CPU.Deploy.0 = Release|Any CPU
		{8C296DE2-3A27-4E13-B418-6D3401E1F427}.Release|ARM.ActiveCfg = Release|Any CPU
		{8C296DE2-3A27-4E13-B418-6D3401E1F427}.Release|ARM.Build.0 = Release|Any CPU
		{8C296DE2-3A27-4E13-B418-6D3401E1F427}.Release|ARM.Deploy.0 = Release|Any CPU
		{8C296DE2-3A27-4E13-B418-6D3401E1F427}.Release|iPhone.ActiveCfg = Release|Any CPU
		{8C296DE2-3A27-4E13-B418-6D3401E1F427}.Release|iPhone.Build.0 = Release|Any CPU
		{8C296DE2-3A27-4E13-B418-6D3401E1F427}.Release|iPhone.Deploy.0 = Release|Any CPU
		{8C296DE2-3A27-4E13-B418-6D3401E1F427}.Release|iPhoneSimulator.ActiveCfg = Release|Any CPU
		{8C296DE2-3A27-4E13-B418-6D3401E1F427}.Release|iPhoneSimulator.Build.0 = Release|Any CPU
		{8C296DE2-3A27-4E13-B418-6D3401E1F427}.Release|iPhoneSimulator.Deploy.0 = Release|Any CPU
		{8C296DE2-3A27-4E13-B418-6D3401E1F427}.Release|x64.ActiveCfg = Release|Any CPU
		{8C296DE2-3A27-4E13-B418-6D3401E1F427}.Release|x64.Build.0 = Release|Any CPU
		{8C296DE2-3A27-4E13-B418-6D3401E1F427}.Release|x64.Deploy.0 = Release|Any CPU
		{8C296DE2-3A27-4E13-B418-6D3401E1F427}.Release|x86.ActiveCfg = Release|Any CPU
		{8C296DE2-3A27-4E13-B418-6D3401E1F427}.Release|x86.Build.0 = Release|Any CPU
		{8C296DE2-3A27-4E13-B418-6D3401E1F427}.Release|x86.Deploy.0 = Release|Any CPU
		{EE1EE2A1-12C2-4267-A13C-C48D91F386E0}.Ad-Hoc|Any CPU.ActiveCfg = Ad-Hoc|iPhone
		{EE1EE2A1-12C2-4267-A13C-C48D91F386E0}.Ad-Hoc|ARM.ActiveCfg = Ad-Hoc|iPhone
		{EE1EE2A1-12C2-4267-A13C-C48D91F386E0}.Ad-Hoc|iPhone.ActiveCfg = Ad-Hoc|iPhone
		{EE1EE2A1-12C2-4267-A13C-C48D91F386E0}.Ad-Hoc|iPhone.Build.0 = Ad-Hoc|iPhone
		{EE1EE2A1-12C2-4267-A13C-C48D91F386E0}.Ad-Hoc|iPhoneSimulator.ActiveCfg = Ad-Hoc|iPhoneSimulator
		{EE1EE2A1-12C2-4267-A13C-C48D91F386E0}.Ad-Hoc|iPhoneSimulator.Build.0 = Ad-Hoc|iPhoneSimulator
		{EE1EE2A1-12C2-4267-A13C-C48D91F386E0}.Ad-Hoc|x64.ActiveCfg = Ad-Hoc|iPhone
		{EE1EE2A1-12C2-4267-A13C-C48D91F386E0}.Ad-Hoc|x86.ActiveCfg = Ad-Hoc|iPhone
		{EE1EE2A1-12C2-4267-A13C-C48D91F386E0}.AppStore|Any CPU.ActiveCfg = AppStore|iPhone
		{EE1EE2A1-12C2-4267-A13C-C48D91F386E0}.AppStore|ARM.ActiveCfg = AppStore|iPhone
		{EE1EE2A1-12C2-4267-A13C-C48D91F386E0}.AppStore|iPhone.ActiveCfg = AppStore|iPhone
		{EE1EE2A1-12C2-4267-A13C-C48D91F386E0}.AppStore|iPhone.Build.0 = AppStore|iPhone
		{EE1EE2A1-12C2-4267-A13C-C48D91F386E0}.AppStore|iPhoneSimulator.ActiveCfg = AppStore|iPhoneSimulator
		{EE1EE2A1-12C2-4267-A13C-C48D91F386E0}.AppStore|iPhoneSimulator.Build.0 = AppStore|iPhoneSimulator
		{EE1EE2A1-12C2-4267-A13C-C48D91F386E0}.AppStore|x64.ActiveCfg = AppStore|iPhone
		{EE1EE2A1-12C2-4267-A13C-C48D91F386E0}.AppStore|x86.ActiveCfg = AppStore|iPhone
		{EE1EE2A1-12C2-4267-A13C-C48D91F386E0}.Debug|Any CPU.ActiveCfg = Debug|iPhone
		{EE1EE2A1-12C2-4267-A13C-C48D91F386E0}.Debug|ARM.ActiveCfg = Debug|iPhone
		{EE1EE2A1-12C2-4267-A13C-C48D91F386E0}.Debug|iPhone.ActiveCfg = Debug|iPhone
		{EE1EE2A1-12C2-4267-A13C-C48D91F386E0}.Debug|iPhone.Build.0 = Debug|iPhone
		{EE1EE2A1-12C2-4267-A13C-C48D91F386E0}.Debug|iPhoneSimulator.ActiveCfg = Debug|iPhoneSimulator
		{EE1EE2A1-12C2-4267-A13C-C48D91F386E0}.Debug|iPhoneSimulator.Build.0 = Debug|iPhoneSimulator
		{EE1EE2A1-12C2-4267-A13C-C48D91F386E0}.Debug|x64.ActiveCfg = Debug|iPhone
		{EE1EE2A1-12C2-4267-A13C-C48D91F386E0}.Debug|x86.ActiveCfg = Debug|iPhone
		{EE1EE2A1-12C2-4267-A13C-C48D91F386E0}.Release|Any CPU.ActiveCfg = Release|iPhone
		{EE1EE2A1-12C2-4267-A13C-C48D91F386E0}.Release|ARM.ActiveCfg = Release|iPhone
		{EE1EE2A1-12C2-4267-A13C-C48D91F386E0}.Release|iPhone.ActiveCfg = Release|iPhone
		{EE1EE2A1-12C2-4267-A13C-C48D91F386E0}.Release|iPhone.Build.0 = Release|iPhone
		{EE1EE2A1-12C2-4267-A13C-C48D91F386E0}.Release|iPhoneSimulator.ActiveCfg = Release|iPhoneSimulator
		{EE1EE2A1-12C2-4267-A13C-C48D91F386E0}.Release|iPhoneSimulator.Build.0 = Release|iPhoneSimulator
		{EE1EE2A1-12C2-4267-A13C-C48D91F386E0}.Release|x64.ActiveCfg = Release|iPhone
		{EE1EE2A1-12C2-4267-A13C-C48D91F386E0}.Release|x86.ActiveCfg = Release|iPhone
		{8065E4B8-D55A-4870-8F13-BD4D71AB32E5}.Ad-Hoc|Any CPU.ActiveCfg = Release|Any CPU
		{8065E4B8-D55A-4870-8F13-BD4D71AB32E5}.Ad-Hoc|Any CPU.Build.0 = Release|Any CPU
		{8065E4B8-D55A-4870-8F13-BD4D71AB32E5}.Ad-Hoc|Any CPU.Deploy.0 = Release|Any CPU
		{8065E4B8-D55A-4870-8F13-BD4D71AB32E5}.Ad-Hoc|ARM.ActiveCfg = Release|ARM
		{8065E4B8-D55A-4870-8F13-BD4D71AB32E5}.Ad-Hoc|ARM.Build.0 = Release|ARM
		{8065E4B8-D55A-4870-8F13-BD4D71AB32E5}.Ad-Hoc|ARM.Deploy.0 = Release|ARM
		{8065E4B8-D55A-4870-8F13-BD4D71AB32E5}.Ad-Hoc|iPhone.ActiveCfg = Release|Any CPU
		{8065E4B8-D55A-4870-8F13-BD4D71AB32E5}.Ad-Hoc|iPhone.Build.0 = Release|Any CPU
		{8065E4B8-D55A-4870-8F13-BD4D71AB32E5}.Ad-Hoc|iPhone.Deploy.0 = Release|Any CPU
		{8065E4B8-D55A-4870-8F13-BD4D71AB32E5}.Ad-Hoc|iPhoneSimulator.ActiveCfg = Release|Any CPU
		{8065E4B8-D55A-4870-8F13-BD4D71AB32E5}.Ad-Hoc|iPhoneSimulator.Build.0 = Release|Any CPU
		{8065E4B8-D55A-4870-8F13-BD4D71AB32E5}.Ad-Hoc|iPhoneSimulator.Deploy.0 = Release|Any CPU
		{8065E4B8-D55A-4870-8F13-BD4D71AB32E5}.Ad-Hoc|x64.ActiveCfg = Release|Any CPU
		{8065E4B8-D55A-4870-8F13-BD4D71AB32E5}.Ad-Hoc|x64.Build.0 = Release|Any CPU
		{8065E4B8-D55A-4870-8F13-BD4D71AB32E5}.Ad-Hoc|x64.Deploy.0 = Release|Any CPU
		{8065E4B8-D55A-4870-8F13-BD4D71AB32E5}.Ad-Hoc|x86.ActiveCfg = Release|x86
		{8065E4B8-D55A-4870-8F13-BD4D71AB32E5}.Ad-Hoc|x86.Build.0 = Release|x86
		{8065E4B8-D55A-4870-8F13-BD4D71AB32E5}.Ad-Hoc|x86.Deploy.0 = Release|x86
		{8065E4B8-D55A-4870-8F13-BD4D71AB32E5}.AppStore|Any CPU.ActiveCfg = Release|Any CPU
		{8065E4B8-D55A-4870-8F13-BD4D71AB32E5}.AppStore|Any CPU.Build.0 = Release|Any CPU
		{8065E4B8-D55A-4870-8F13-BD4D71AB32E5}.AppStore|Any CPU.Deploy.0 = Release|Any CPU
		{8065E4B8-D55A-4870-8F13-BD4D71AB32E5}.AppStore|ARM.ActiveCfg = Release|ARM
		{8065E4B8-D55A-4870-8F13-BD4D71AB32E5}.AppStore|ARM.Build.0 = Release|ARM
		{8065E4B8-D55A-4870-8F13-BD4D71AB32E5}.AppStore|ARM.Deploy.0 = Release|ARM
		{8065E4B8-D55A-4870-8F13-BD4D71AB32E5}.AppStore|iPhone.ActiveCfg = Release|Any CPU
		{8065E4B8-D55A-4870-8F13-BD4D71AB32E5}.AppStore|iPhone.Build.0 = Release|Any CPU
		{8065E4B8-D55A-4870-8F13-BD4D71AB32E5}.AppStore|iPhone.Deploy.0 = Release|Any CPU
		{8065E4B8-D55A-4870-8F13-BD4D71AB32E5}.AppStore|iPhoneSimulator.ActiveCfg = Release|Any CPU
		{8065E4B8-D55A-4870-8F13-BD4D71AB32E5}.AppStore|iPhoneSimulator.Build.0 = Release|Any CPU
		{8065E4B8-D55A-4870-8F13-BD4D71AB32E5}.AppStore|iPhoneSimulator.Deploy.0 = Release|Any CPU
		{8065E4B8-D55A-4870-8F13-BD4D71AB32E5}.AppStore|x64.ActiveCfg = Release|Any CPU
		{8065E4B8-D55A-4870-8F13-BD4D71AB32E5}.AppStore|x64.Build.0 = Release|Any CPU
		{8065E4B8-D55A-4870-8F13-BD4D71AB32E5}.AppStore|x64.Deploy.0 = Release|Any CPU
		{8065E4B8-D55A-4870-8F13-BD4D71AB32E5}.AppStore|x86.ActiveCfg = Release|x86
		{8065E4B8-D55A-4870-8F13-BD4D71AB32E5}.AppStore|x86.Build.0 = Release|x86
		{8065E4B8-D55A-4870-8F13-BD4D71AB32E5}.AppStore|x86.Deploy.0 = Release|x86
		{8065E4B8-D55A-4870-8F13-BD4D71AB32E5}.Debug|Any CPU.ActiveCfg = Debug|Any CPU
		{8065E4B8-D55A-4870-8F13-BD4D71AB32E5}.Debug|Any CPU.Build.0 = Debug|Any CPU
		{8065E4B8-D55A-4870-8F13-BD4D71AB32E5}.Debug|Any CPU.Deploy.0 = Debug|Any CPU
		{8065E4B8-D55A-4870-8F13-BD4D71AB32E5}.Debug|ARM.ActiveCfg = Debug|ARM
		{8065E4B8-D55A-4870-8F13-BD4D71AB32E5}.Debug|ARM.Build.0 = Debug|ARM
		{8065E4B8-D55A-4870-8F13-BD4D71AB32E5}.Debug|ARM.Deploy.0 = Debug|ARM
		{8065E4B8-D55A-4870-8F13-BD4D71AB32E5}.Debug|iPhone.ActiveCfg = Debug|Any CPU
		{8065E4B8-D55A-4870-8F13-BD4D71AB32E5}.Debug|iPhone.Build.0 = Debug|Any CPU
		{8065E4B8-D55A-4870-8F13-BD4D71AB32E5}.Debug|iPhone.Deploy.0 = Debug|Any CPU
		{8065E4B8-D55A-4870-8F13-BD4D71AB32E5}.Debug|iPhoneSimulator.ActiveCfg = Debug|Any CPU
		{8065E4B8-D55A-4870-8F13-BD4D71AB32E5}.Debug|iPhoneSimulator.Build.0 = Debug|Any CPU
		{8065E4B8-D55A-4870-8F13-BD4D71AB32E5}.Debug|iPhoneSimulator.Deploy.0 = Debug|Any CPU
		{8065E4B8-D55A-4870-8F13-BD4D71AB32E5}.Debug|x64.ActiveCfg = Debug|Any CPU
		{8065E4B8-D55A-4870-8F13-BD4D71AB32E5}.Debug|x64.Build.0 = Debug|Any CPU
		{8065E4B8-D55A-4870-8F13-BD4D71AB32E5}.Debug|x64.Deploy.0 = Debug|Any CPU
		{8065E4B8-D55A-4870-8F13-BD4D71AB32E5}.Debug|x86.ActiveCfg = Debug|x86
		{8065E4B8-D55A-4870-8F13-BD4D71AB32E5}.Debug|x86.Build.0 = Debug|x86
		{8065E4B8-D55A-4870-8F13-BD4D71AB32E5}.Debug|x86.Deploy.0 = Debug|x86
		{8065E4B8-D55A-4870-8F13-BD4D71AB32E5}.Release|Any CPU.ActiveCfg = Release|Any CPU
		{8065E4B8-D55A-4870-8F13-BD4D71AB32E5}.Release|Any CPU.Build.0 = Release|Any CPU
		{8065E4B8-D55A-4870-8F13-BD4D71AB32E5}.Release|Any CPU.Deploy.0 = Release|Any CPU
		{8065E4B8-D55A-4870-8F13-BD4D71AB32E5}.Release|ARM.ActiveCfg = Release|ARM
		{8065E4B8-D55A-4870-8F13-BD4D71AB32E5}.Release|ARM.Build.0 = Release|ARM
		{8065E4B8-D55A-4870-8F13-BD4D71AB32E5}.Release|ARM.Deploy.0 = Release|ARM
		{8065E4B8-D55A-4870-8F13-BD4D71AB32E5}.Release|iPhone.ActiveCfg = Release|Any CPU
		{8065E4B8-D55A-4870-8F13-BD4D71AB32E5}.Release|iPhone.Build.0 = Release|Any CPU
		{8065E4B8-D55A-4870-8F13-BD4D71AB32E5}.Release|iPhone.Deploy.0 = Release|Any CPU
		{8065E4B8-D55A-4870-8F13-BD4D71AB32E5}.Release|iPhoneSimulator.ActiveCfg = Release|Any CPU
		{8065E4B8-D55A-4870-8F13-BD4D71AB32E5}.Release|iPhoneSimulator.Build.0 = Release|Any CPU
		{8065E4B8-D55A-4870-8F13-BD4D71AB32E5}.Release|iPhoneSimulator.Deploy.0 = Release|Any CPU
		{8065E4B8-D55A-4870-8F13-BD4D71AB32E5}.Release|x64.ActiveCfg = Release|Any CPU
		{8065E4B8-D55A-4870-8F13-BD4D71AB32E5}.Release|x64.Build.0 = Release|Any CPU
		{8065E4B8-D55A-4870-8F13-BD4D71AB32E5}.Release|x64.Deploy.0 = Release|Any CPU
		{8065E4B8-D55A-4870-8F13-BD4D71AB32E5}.Release|x86.ActiveCfg = Release|x86
		{8065E4B8-D55A-4870-8F13-BD4D71AB32E5}.Release|x86.Build.0 = Release|x86
		{8065E4B8-D55A-4870-8F13-BD4D71AB32E5}.Release|x86.Deploy.0 = Release|x86
		{B4F088F9-2645-4056-9BEF-B1A31CF21C04}.Ad-Hoc|Any CPU.ActiveCfg = Release|Any CPU
		{B4F088F9-2645-4056-9BEF-B1A31CF21C04}.Ad-Hoc|Any CPU.Build.0 = Release|Any CPU
		{B4F088F9-2645-4056-9BEF-B1A31CF21C04}.Ad-Hoc|Any CPU.Deploy.0 = Release|Any CPU
		{B4F088F9-2645-4056-9BEF-B1A31CF21C04}.Ad-Hoc|ARM.ActiveCfg = Release|ARM
		{B4F088F9-2645-4056-9BEF-B1A31CF21C04}.Ad-Hoc|ARM.Build.0 = Release|ARM
		{B4F088F9-2645-4056-9BEF-B1A31CF21C04}.Ad-Hoc|ARM.Deploy.0 = Release|ARM
		{B4F088F9-2645-4056-9BEF-B1A31CF21C04}.Ad-Hoc|iPhone.ActiveCfg = Release|Any CPU
		{B4F088F9-2645-4056-9BEF-B1A31CF21C04}.Ad-Hoc|iPhone.Build.0 = Release|Any CPU
		{B4F088F9-2645-4056-9BEF-B1A31CF21C04}.Ad-Hoc|iPhone.Deploy.0 = Release|Any CPU
		{B4F088F9-2645-4056-9BEF-B1A31CF21C04}.Ad-Hoc|iPhoneSimulator.ActiveCfg = Release|Any CPU
		{B4F088F9-2645-4056-9BEF-B1A31CF21C04}.Ad-Hoc|iPhoneSimulator.Build.0 = Release|Any CPU
		{B4F088F9-2645-4056-9BEF-B1A31CF21C04}.Ad-Hoc|iPhoneSimulator.Deploy.0 = Release|Any CPU
		{B4F088F9-2645-4056-9BEF-B1A31CF21C04}.Ad-Hoc|x64.ActiveCfg = Release|x64
		{B4F088F9-2645-4056-9BEF-B1A31CF21C04}.Ad-Hoc|x64.Build.0 = Release|x64
		{B4F088F9-2645-4056-9BEF-B1A31CF21C04}.Ad-Hoc|x64.Deploy.0 = Release|x64
		{B4F088F9-2645-4056-9BEF-B1A31CF21C04}.Ad-Hoc|x86.ActiveCfg = Release|x86
		{B4F088F9-2645-4056-9BEF-B1A31CF21C04}.Ad-Hoc|x86.Build.0 = Release|x86
		{B4F088F9-2645-4056-9BEF-B1A31CF21C04}.Ad-Hoc|x86.Deploy.0 = Release|x86
		{B4F088F9-2645-4056-9BEF-B1A31CF21C04}.AppStore|Any CPU.ActiveCfg = Release|Any CPU
		{B4F088F9-2645-4056-9BEF-B1A31CF21C04}.AppStore|Any CPU.Build.0 = Release|Any CPU
		{B4F088F9-2645-4056-9BEF-B1A31CF21C04}.AppStore|Any CPU.Deploy.0 = Release|Any CPU
		{B4F088F9-2645-4056-9BEF-B1A31CF21C04}.AppStore|ARM.ActiveCfg = Release|ARM
		{B4F088F9-2645-4056-9BEF-B1A31CF21C04}.AppStore|ARM.Build.0 = Release|ARM
		{B4F088F9-2645-4056-9BEF-B1A31CF21C04}.AppStore|ARM.Deploy.0 = Release|ARM
		{B4F088F9-2645-4056-9BEF-B1A31CF21C04}.AppStore|iPhone.ActiveCfg = Release|Any CPU
		{B4F088F9-2645-4056-9BEF-B1A31CF21C04}.AppStore|iPhone.Build.0 = Release|Any CPU
		{B4F088F9-2645-4056-9BEF-B1A31CF21C04}.AppStore|iPhone.Deploy.0 = Release|Any CPU
		{B4F088F9-2645-4056-9BEF-B1A31CF21C04}.AppStore|iPhoneSimulator.ActiveCfg = Release|Any CPU
		{B4F088F9-2645-4056-9BEF-B1A31CF21C04}.AppStore|iPhoneSimulator.Build.0 = Release|Any CPU
		{B4F088F9-2645-4056-9BEF-B1A31CF21C04}.AppStore|iPhoneSimulator.Deploy.0 = Release|Any CPU
		{B4F088F9-2645-4056-9BEF-B1A31CF21C04}.AppStore|x64.ActiveCfg = Release|x64
		{B4F088F9-2645-4056-9BEF-B1A31CF21C04}.AppStore|x64.Build.0 = Release|x64
		{B4F088F9-2645-4056-9BEF-B1A31CF21C04}.AppStore|x64.Deploy.0 = Release|x64
		{B4F088F9-2645-4056-9BEF-B1A31CF21C04}.AppStore|x86.ActiveCfg = Release|x86
		{B4F088F9-2645-4056-9BEF-B1A31CF21C04}.AppStore|x86.Build.0 = Release|x86
		{B4F088F9-2645-4056-9BEF-B1A31CF21C04}.AppStore|x86.Deploy.0 = Release|x86
		{B4F088F9-2645-4056-9BEF-B1A31CF21C04}.Debug|Any CPU.ActiveCfg = Debug|Any CPU
		{B4F088F9-2645-4056-9BEF-B1A31CF21C04}.Debug|Any CPU.Build.0 = Debug|Any CPU
		{B4F088F9-2645-4056-9BEF-B1A31CF21C04}.Debug|Any CPU.Deploy.0 = Debug|Any CPU
		{B4F088F9-2645-4056-9BEF-B1A31CF21C04}.Debug|ARM.ActiveCfg = Debug|ARM
		{B4F088F9-2645-4056-9BEF-B1A31CF21C04}.Debug|ARM.Build.0 = Debug|ARM
		{B4F088F9-2645-4056-9BEF-B1A31CF21C04}.Debug|ARM.Deploy.0 = Debug|ARM
		{B4F088F9-2645-4056-9BEF-B1A31CF21C04}.Debug|iPhone.ActiveCfg = Debug|Any CPU
		{B4F088F9-2645-4056-9BEF-B1A31CF21C04}.Debug|iPhone.Build.0 = Debug|Any CPU
		{B4F088F9-2645-4056-9BEF-B1A31CF21C04}.Debug|iPhone.Deploy.0 = Debug|Any CPU
		{B4F088F9-2645-4056-9BEF-B1A31CF21C04}.Debug|iPhoneSimulator.ActiveCfg = Debug|Any CPU
		{B4F088F9-2645-4056-9BEF-B1A31CF21C04}.Debug|iPhoneSimulator.Build.0 = Debug|Any CPU
		{B4F088F9-2645-4056-9BEF-B1A31CF21C04}.Debug|iPhoneSimulator.Deploy.0 = Debug|Any CPU
		{B4F088F9-2645-4056-9BEF-B1A31CF21C04}.Debug|x64.ActiveCfg = Debug|x64
		{B4F088F9-2645-4056-9BEF-B1A31CF21C04}.Debug|x64.Build.0 = Debug|x64
		{B4F088F9-2645-4056-9BEF-B1A31CF21C04}.Debug|x64.Deploy.0 = Debug|x64
		{B4F088F9-2645-4056-9BEF-B1A31CF21C04}.Debug|x86.ActiveCfg = Debug|x86
		{B4F088F9-2645-4056-9BEF-B1A31CF21C04}.Debug|x86.Build.0 = Debug|x86
		{B4F088F9-2645-4056-9BEF-B1A31CF21C04}.Debug|x86.Deploy.0 = Debug|x86
		{B4F088F9-2645-4056-9BEF-B1A31CF21C04}.Release|Any CPU.ActiveCfg = Release|Any CPU
		{B4F088F9-2645-4056-9BEF-B1A31CF21C04}.Release|Any CPU.Build.0 = Release|Any CPU
		{B4F088F9-2645-4056-9BEF-B1A31CF21C04}.Release|Any CPU.Deploy.0 = Release|Any CPU
		{B4F088F9-2645-4056-9BEF-B1A31CF21C04}.Release|ARM.ActiveCfg = Release|ARM
		{B4F088F9-2645-4056-9BEF-B1A31CF21C04}.Release|ARM.Build.0 = Release|ARM
		{B4F088F9-2645-4056-9BEF-B1A31CF21C04}.Release|ARM.Deploy.0 = Release|ARM
		{B4F088F9-2645-4056-9BEF-B1A31CF21C04}.Release|iPhone.ActiveCfg = Release|Any CPU
		{B4F088F9-2645-4056-9BEF-B1A31CF21C04}.Release|iPhone.Build.0 = Release|Any CPU
		{B4F088F9-2645-4056-9BEF-B1A31CF21C04}.Release|iPhone.Deploy.0 = Release|Any CPU
		{B4F088F9-2645-4056-9BEF-B1A31CF21C04}.Release|iPhoneSimulator.ActiveCfg = Release|Any CPU
		{B4F088F9-2645-4056-9BEF-B1A31CF21C04}.Release|iPhoneSimulator.Build.0 = Release|Any CPU
		{B4F088F9-2645-4056-9BEF-B1A31CF21C04}.Release|iPhoneSimulator.Deploy.0 = Release|Any CPU
		{B4F088F9-2645-4056-9BEF-B1A31CF21C04}.Release|x64.ActiveCfg = Release|x64
		{B4F088F9-2645-4056-9BEF-B1A31CF21C04}.Release|x64.Build.0 = Release|x64
		{B4F088F9-2645-4056-9BEF-B1A31CF21C04}.Release|x64.Deploy.0 = Release|x64
		{B4F088F9-2645-4056-9BEF-B1A31CF21C04}.Release|x86.ActiveCfg = Release|x86
		{B4F088F9-2645-4056-9BEF-B1A31CF21C04}.Release|x86.Build.0 = Release|x86
		{B4F088F9-2645-4056-9BEF-B1A31CF21C04}.Release|x86.Deploy.0 = Release|x86
	EndGlobalSection
	GlobalSection(SolutionProperties) = preSolution
		HideSolutionNode = FALSE
	EndGlobalSection
EndGlobal
